
Microsoft Visual Studio Solution File, Format Version 12.00
# Visual Studio 2012
Project("{FAE04EC0-301F-11D3-BF4B-00C04F79EFBC}") = "Problem 20", "Problem 20\Problem 20.csproj", "{47CB090A-464F-48F7-921F-441E2E5084D1}"
EndProject
Global
	GlobalSection(SolutionConfigurationPlatforms) = preSolution
		Debug|Any CPU = Debug|Any CPU
		Release|Any CPU = Release|Any CPU
	EndGlobalSection
	GlobalSection(ProjectConfigurationPlatforms) = postSolution
		{47CB090A-464F-48F7-921F-441E2E5084D1}.Debug|Any CPU.ActiveCfg = Debug|Any CPU
		{47CB090A-464F-48F7-921F-441E2E5084D1}.Debug|Any CPU.Build.0 = Debug|Any CPU
		{47CB090A-464F-48F7-921F-441E2E5084D1}.Release|Any CPU.ActiveCfg = Release|Any CPU
		{47CB090A-464F-48F7-921F-441E2E5084D1}.Release|Any CPU.Build.0 = Release|Any CPU
	EndGlobalSection
	GlobalSection(SolutionProperties) = preSolution
		HideSolutionNode = FALSE
	EndGlobalSection
EndGlobal
