
Microsoft Visual Studio Solution File, Format Version 12.00
# Visual Studio 2012
Project("{FAE04EC0-301F-11D3-BF4B-00C04F79EFBC}") = "Problem 29", "Problem 29\Problem 29.csproj", "{71A5D580-9552-4C26-B076-1D7B4883357D}"
EndProject
Global
	GlobalSection(SolutionConfigurationPlatforms) = preSolution
		Debug|Any CPU = Debug|Any CPU
		Release|Any CPU = Release|Any CPU
	EndGlobalSection
	GlobalSection(ProjectConfigurationPlatforms) = postSolution
		{71A5D580-9552-4C26-B076-1D7B4883357D}.Debug|Any CPU.ActiveCfg = Debug|Any CPU
		{71A5D580-9552-4C26-B076-1D7B4883357D}.Debug|Any CPU.Build.0 = Debug|Any CPU
		{71A5D580-9552-4C26-B076-1D7B4883357D}.Release|Any CPU.ActiveCfg = Release|Any CPU
		{71A5D580-9552-4C26-B076-1D7B4883357D}.Release|Any CPU.Build.0 = Release|Any CPU
	EndGlobalSection
	GlobalSection(SolutionProperties) = preSolution
		HideSolutionNode = FALSE
	EndGlobalSection
EndGlobal
