
Microsoft Visual Studio Solution File, Format Version 12.00
# Visual Studio 2012
Project("{FAE04EC0-301F-11D3-BF4B-00C04F79EFBC}") = "Problem 34", "Problem 34\Problem 34.csproj", "{162E582D-963C-4A73-B8C6-723B90E226DB}"
EndProject
Global
	GlobalSection(SolutionConfigurationPlatforms) = preSolution
		Debug|Any CPU = Debug|Any CPU
		Release|Any CPU = Release|Any CPU
	EndGlobalSection
	GlobalSection(ProjectConfigurationPlatforms) = postSolution
		{162E582D-963C-4A73-B8C6-723B90E226DB}.Debug|Any CPU.ActiveCfg = Debug|Any CPU
		{162E582D-963C-4A73-B8C6-723B90E226DB}.Debug|Any CPU.Build.0 = Debug|Any CPU
		{162E582D-963C-4A73-B8C6-723B90E226DB}.Release|Any CPU.ActiveCfg = Release|Any CPU
		{162E582D-963C-4A73-B8C6-723B90E226DB}.Release|Any CPU.Build.0 = Release|Any CPU
	EndGlobalSection
	GlobalSection(SolutionProperties) = preSolution
		HideSolutionNode = FALSE
	EndGlobalSection
EndGlobal
