
Microsoft Visual Studio Solution File, Format Version 12.00
# Visual Studio 2012
Project("{FAE04EC0-301F-11D3-BF4B-00C04F79EFBC}") = "Problem 25", "Problem 25\Problem 25.csproj", "{DB507D05-35C1-40B5-B405-CC4EF590259C}"
EndProject
Global
	GlobalSection(SolutionConfigurationPlatforms) = preSolution
		Debug|Any CPU = Debug|Any CPU
		Release|Any CPU = Release|Any CPU
	EndGlobalSection
	GlobalSection(ProjectConfigurationPlatforms) = postSolution
		{DB507D05-35C1-40B5-B405-CC4EF590259C}.Debug|Any CPU.ActiveCfg = Debug|Any CPU
		{DB507D05-35C1-40B5-B405-CC4EF590259C}.Debug|Any CPU.Build.0 = Debug|Any CPU
		{DB507D05-35C1-40B5-B405-CC4EF590259C}.Release|Any CPU.ActiveCfg = Release|Any CPU
		{DB507D05-35C1-40B5-B405-CC4EF590259C}.Release|Any CPU.Build.0 = Release|Any CPU
	EndGlobalSection
	GlobalSection(SolutionProperties) = preSolution
		HideSolutionNode = FALSE
	EndGlobalSection
EndGlobal
